
Microsoft Visual Studio Solution File, Format Version 12.00
# Visual Studio 15
VisualStudioVersion = 15.0.28307.705
MinimumVisualStudioVersion = 10.0.40219.1
Project("{FAE04EC0-301F-11D3-BF4B-00C04F79EFBC}") = "MapTLayout", "MapTLayout\MapTLayout.csproj", "{EC21800F-ED8A-425E-859F-BDA49769D82D}"
EndProject
Global
	GlobalSection(SolutionConfigurationPlatforms) = preSolution
		Debug|Any CPU = Debug|Any CPU
		Release|Any CPU = Release|Any CPU
	EndGlobalSection
	GlobalSection(ProjectConfigurationPlatforms) = postSolution
		{EC21800F-ED8A-425E-859F-BDA49769D82D}.Debug|Any CPU.ActiveCfg = Debug|Any CPU
		{EC21800F-ED8A-425E-859F-BDA49769D82D}.Debug|Any CPU.Build.0 = Debug|Any CPU
		{EC21800F-ED8A-425E-859F-BDA49769D82D}.Release|Any CPU.ActiveCfg = Release|Any CPU
		{EC21800F-ED8A-425E-859F-BDA49769D82D}.Release|Any CPU.Build.0 = Release|Any CPU
	EndGlobalSection
	GlobalSection(SolutionProperties) = preSolution
		HideSolutionNode = FALSE
	EndGlobalSection
	GlobalSection(ExtensibilityGlobals) = postSolution
		SolutionGuid = {41D3DDE0-0440-49C9-B735-681BE0A35C98}
	EndGlobalSection
EndGlobal
